<?xml version="1.0" encoding="UTF-8" standalone="yes" ?>
<CodeBlocks_project_file>
	<FileVersion major="1" minor="6" />
	<Project>
		<Option title="myhttp" />
		<Option pch_mode="2" />
		<Option compiler="mingw" />
		<Build>
			<Target title="Debug">
				<Option output="bin/Debug/myhttp" prefix_auto="1" extension_auto="1" />
				<Option object_output="obj/Debug/" />
				<Option type="1" />
				<Option compiler="mingw" />
				<Compiler>
					<Add option="-g" />
				</Compiler>
			</Target>
			<Target title="Release">
				<Option output="bin/Release/myhttp" prefix_auto="1" extension_auto="1" />
				<Option object_output="obj/Release/" />
				<Option type="1" />
				<Option compiler="mingw" />
				<Compiler>
					<Add option="-O2" />
				</Compiler>
				<Linker>
					<Add option="-s" />
				</Linker>
			</Target>
		</Build>
		<Compiler>
			<Add option="-Wall" />
		</Compiler>
		<Unit filename="Acceptor.cpp" />
		<Unit filename="Acceptor.h" />
		<Unit filename="Buffer.cpp" />
		<Unit filename="Buffer.h" />
		<Unit filename="Callback.h" />
		<Unit filename="Channel.cpp" />
		<Unit filename="Channel.h" />
		<Unit filename="Condition.h" />
		<Unit filename="CountDownLatch.h" />
		<Unit filename="CurrentThread.h" />
		<Unit filename="Epoll.cpp" />
		<Unit filename="Epoll.h" />
		<Unit filename="EventLoop.cpp" />
		<Unit filename="EventLoop.h" />
		<Unit filename="EventLoopThread.cpp" />
		<Unit filename="EventLoopThread.h" />
		<Unit filename="EventLoopThreadPool.cpp" />
		<Unit filename="EventLoopThreadPool.h" />
		<Unit filename="InetAddress.cpp" />
		<Unit filename="InetAddress.h" />
		<Unit filename="MutexLock.h" />
		<Unit filename="Socket.cpp" />
		<Unit filename="Socket.h" />
		<Unit filename="StringPiece.h" />
		<Unit filename="TcpConnnection.cpp" />
		<Unit filename="TcpConnnection.h" />
		<Unit filename="TcpServer.cpp" />
		<Unit filename="TcpServer.h" />
		<Unit filename="Thread.cpp" />
		<Unit filename="Thread.h" />
		<Unit filename="ThreadPool.cpp" />
		<Unit filename="ThreadPool.h" />
		<Unit filename="Timer.cpp" />
		<Unit filename="Timer.h" />
		<Unit filename="TimerId.h" />
		<Unit filename="TimerQueue.cpp" />
		<Unit filename="TimerQueue.h" />
		<Unit filename="eventlopp_test.cpp" />
		<Unit filename="eventlopp_test_1.cpp" />
		<Unit filename="main.c">
			<Option compilerVar="CC" />
		</Unit>
		<Unit filename="mutex_cond_test.c">
			<Option compilerVar="CC" />
		</Unit>
		<Unit filename="myhttp.bmarks" />
		<Unit filename="myhttp.cbp" />
		<Unit filename="myhttp.depend" />
		<Unit filename="myhttp.layout" />
		<Unit filename="noncopyable.h" />
		<Unit filename="thread_test.cpp" />
		<Extensions>
			<code_completion />
			<envvars />
			<debugger />
		</Extensions>
	</Project>
</CodeBlocks_project_file>
